
Microsoft Visual Studio Solution File, Format Version 12.00
# Visual Studio Version 17
VisualStudioVersion = 17.2.32630.192
MinimumVisualStudioVersion = 10.0.40219.1
Project("{FAE04EC0-301F-11D3-BF4B-00C04F79EFBC}") = "Day6_LogicalPrograming", "Day6_LogicalPrograming\Day6_LogicalPrograming.csproj", "{B46DB615-D90E-43B4-A4A7-291081825CB1}"
EndProject
Global
	GlobalSection(SolutionConfigurationPlatforms) = preSolution
		Debug|Any CPU = Debug|Any CPU
		Release|Any CPU = Release|Any CPU
	EndGlobalSection
	GlobalSection(ProjectConfigurationPlatforms) = postSolution
		{B46DB615-D90E-43B4-A4A7-291081825CB1}.Debug|Any CPU.ActiveCfg = Debug|Any CPU
		{B46DB615-D90E-43B4-A4A7-291081825CB1}.Debug|Any CPU.Build.0 = Debug|Any CPU
		{B46DB615-D90E-43B4-A4A7-291081825CB1}.Release|Any CPU.ActiveCfg = Release|Any CPU
		{B46DB615-D90E-43B4-A4A7-291081825CB1}.Release|Any CPU.Build.0 = Release|Any CPU
	EndGlobalSection
	GlobalSection(SolutionProperties) = preSolution
		HideSolutionNode = FALSE
	EndGlobalSection
	GlobalSection(ExtensibilityGlobals) = postSolution
		SolutionGuid = {B8E72915-DD07-414C-99AE-2FB4F938B97C}
	EndGlobalSection
EndGlobal
